{
  "originHash" : "74fb7e2e46f73da5c0ca3b214a5236bf061fb7994c2d16dd4f25ee819f1fb8fc",
  "pins" : [
    {
      "identity" : "mlxkit",
      "kind" : "remoteSourceControl",
      "location" : "https://github.com/k-arindam/MLXKit.git",
      "state" : {
        "revision" : "035a7f484a67be1d657c45390c3f6e443001ff24",
        "version" : "0.0.1"
      }
    },
    {
      "identity" : "phonenumberkit",
      "kind" : "remoteSourceControl",
      "location" : "https://github.com/marmelroy/PhoneNumberKit.git",
      "state" : {
        "revision" : "4ca759e952bb62162afb8448b3240a63becddd86",
        "version" : "4.0.1"
      }
    }
  ],
  "version" : 3
}
